
Microsoft Visual Studio Solution File, Format Version 12.00
# Visual Studio Version 16
VisualStudioVersion = 16.6.30114.105
MinimumVisualStudioVersion = 10.0.40219.1
Project("{FAE04EC0-301F-11D3-BF4B-00C04F79EFBC}") = "API", "API\API.csproj", "{54A73FA8-50C4-4BE0-9C0C-F4569994411E}"
EndProject
Project("{FAE04EC0-301F-11D3-BF4B-00C04F79EFBC}") = "Application", "Application\Application.csproj", "{036735B2-3DFF-44AD-947E-9544A0A47FD1}"
EndProject
Project("{FAE04EC0-301F-11D3-BF4B-00C04F79EFBC}") = "Persistence", "Persistence\Persistence.csproj", "{BAAE6454-F8AA-4B54-9F48-D47E916A73B9}"
EndProject
Project("{FAE04EC0-301F-11D3-BF4B-00C04F79EFBC}") = "Domain", "Domain\Domain.csproj", "{9F684405-D0E0-48D5-B704-BC7567E99571}"
EndProject
Global
	GlobalSection(SolutionConfigurationPlatforms) = preSolution
		Debug|Any CPU = Debug|Any CPU
		Debug|x64 = Debug|x64
		Debug|x86 = Debug|x86
		Release|Any CPU = Release|Any CPU
		Release|x64 = Release|x64
		Release|x86 = Release|x86
	EndGlobalSection
	GlobalSection(SolutionProperties) = preSolution
		HideSolutionNode = FALSE
	EndGlobalSection
	GlobalSection(ProjectConfigurationPlatforms) = postSolution
		{54A73FA8-50C4-4BE0-9C0C-F4569994411E}.Debug|Any CPU.ActiveCfg = Debug|Any CPU
		{54A73FA8-50C4-4BE0-9C0C-F4569994411E}.Debug|Any CPU.Build.0 = Debug|Any CPU
		{54A73FA8-50C4-4BE0-9C0C-F4569994411E}.Debug|x64.ActiveCfg = Debug|Any CPU
		{54A73FA8-50C4-4BE0-9C0C-F4569994411E}.Debug|x64.Build.0 = Debug|Any CPU
		{54A73FA8-50C4-4BE0-9C0C-F4569994411E}.Debug|x86.ActiveCfg = Debug|Any CPU
		{54A73FA8-50C4-4BE0-9C0C-F4569994411E}.Debug|x86.Build.0 = Debug|Any CPU
		{54A73FA8-50C4-4BE0-9C0C-F4569994411E}.Release|Any CPU.ActiveCfg = Release|Any CPU
		{54A73FA8-50C4-4BE0-9C0C-F4569994411E}.Release|Any CPU.Build.0 = Release|Any CPU
		{54A73FA8-50C4-4BE0-9C0C-F4569994411E}.Release|x64.ActiveCfg = Release|Any CPU
		{54A73FA8-50C4-4BE0-9C0C-F4569994411E}.Release|x64.Build.0 = Release|Any CPU
		{54A73FA8-50C4-4BE0-9C0C-F4569994411E}.Release|x86.ActiveCfg = Release|Any CPU
		{54A73FA8-50C4-4BE0-9C0C-F4569994411E}.Release|x86.Build.0 = Release|Any CPU
		{036735B2-3DFF-44AD-947E-9544A0A47FD1}.Debug|Any CPU.ActiveCfg = Debug|Any CPU
		{036735B2-3DFF-44AD-947E-9544A0A47FD1}.Debug|Any CPU.Build.0 = Debug|Any CPU
		{036735B2-3DFF-44AD-947E-9544A0A47FD1}.Debug|x64.ActiveCfg = Debug|Any CPU
		{036735B2-3DFF-44AD-947E-9544A0A47FD1}.Debug|x64.Build.0 = Debug|Any CPU
		{036735B2-3DFF-44AD-947E-9544A0A47FD1}.Debug|x86.ActiveCfg = Debug|Any CPU
		{036735B2-3DFF-44AD-947E-9544A0A47FD1}.Debug|x86.Build.0 = Debug|Any CPU
		{036735B2-3DFF-44AD-947E-9544A0A47FD1}.Release|Any CPU.ActiveCfg = Release|Any CPU
		{036735B2-3DFF-44AD-947E-9544A0A47FD1}.Release|Any CPU.Build.0 = Release|Any CPU
		{036735B2-3DFF-44AD-947E-9544A0A47FD1}.Release|x64.ActiveCfg = Release|Any CPU
		{036735B2-3DFF-44AD-947E-9544A0A47FD1}.Release|x64.Build.0 = Release|Any CPU
		{036735B2-3DFF-44AD-947E-9544A0A47FD1}.Release|x86.ActiveCfg = Release|Any CPU
		{036735B2-3DFF-44AD-947E-9544A0A47FD1}.Release|x86.Build.0 = Release|Any CPU
		{BAAE6454-F8AA-4B54-9F48-D47E916A73B9}.Debug|Any CPU.ActiveCfg = Debug|Any CPU
		{BAAE6454-F8AA-4B54-9F48-D47E916A73B9}.Debug|Any CPU.Build.0 = Debug|Any CPU
		{BAAE6454-F8AA-4B54-9F48-D47E916A73B9}.Debug|x64.ActiveCfg = Debug|Any CPU
		{BAAE6454-F8AA-4B54-9F48-D47E916A73B9}.Debug|x64.Build.0 = Debug|Any CPU
		{BAAE6454-F8AA-4B54-9F48-D47E916A73B9}.Debug|x86.ActiveCfg = Debug|Any CPU
		{BAAE6454-F8AA-4B54-9F48-D47E916A73B9}.Debug|x86.Build.0 = Debug|Any CPU
		{BAAE6454-F8AA-4B54-9F48-D47E916A73B9}.Release|Any CPU.ActiveCfg = Release|Any CPU
		{BAAE6454-F8AA-4B54-9F48-D47E916A73B9}.Release|Any CPU.Build.0 = Release|Any CPU
		{BAAE6454-F8AA-4B54-9F48-D47E916A73B9}.Release|x64.ActiveCfg = Release|Any CPU
		{BAAE6454-F8AA-4B54-9F48-D47E916A73B9}.Release|x64.Build.0 = Release|Any CPU
		{BAAE6454-F8AA-4B54-9F48-D47E916A73B9}.Release|x86.ActiveCfg = Release|Any CPU
		{BAAE6454-F8AA-4B54-9F48-D47E916A73B9}.Release|x86.Build.0 = Release|Any CPU
		{9F684405-D0E0-48D5-B704-BC7567E99571}.Debug|Any CPU.ActiveCfg = Debug|Any CPU
		{9F684405-D0E0-48D5-B704-BC7567E99571}.Debug|Any CPU.Build.0 = Debug|Any CPU
		{9F684405-D0E0-48D5-B704-BC7567E99571}.Debug|x64.ActiveCfg = Debug|Any CPU
		{9F684405-D0E0-48D5-B704-BC7567E99571}.Debug|x64.Build.0 = Debug|Any CPU
		{9F684405-D0E0-48D5-B704-BC7567E99571}.Debug|x86.ActiveCfg = Debug|Any CPU
		{9F684405-D0E0-48D5-B704-BC7567E99571}.Debug|x86.Build.0 = Debug|Any CPU
		{9F684405-D0E0-48D5-B704-BC7567E99571}.Release|Any CPU.ActiveCfg = Release|Any CPU
		{9F684405-D0E0-48D5-B704-BC7567E99571}.Release|Any CPU.Build.0 = Release|Any CPU
		{9F684405-D0E0-48D5-B704-BC7567E99571}.Release|x64.ActiveCfg = Release|Any CPU
		{9F684405-D0E0-48D5-B704-BC7567E99571}.Release|x64.Build.0 = Release|Any CPU
		{9F684405-D0E0-48D5-B704-BC7567E99571}.Release|x86.ActiveCfg = Release|Any CPU
		{9F684405-D0E0-48D5-B704-BC7567E99571}.Release|x86.Build.0 = Release|Any CPU
	EndGlobalSection
EndGlobal
